
Microsoft Visual Studio Solution File, Format Version 12.00
# Visual Studio Version 17
VisualStudioVersion = 17.12.35527.113 d17.12
MinimumVisualStudioVersion = 10.0.40219.1
Project("{F2A71F9B-5D33-465A-A702-920D77279786}") = "DiscordChatExportCleaningScript", "DiscordChatExportCleaningScript.fsproj", "{48BF3E06-EA9C-4D4E-B882-2C8309E11589}"
EndProject
Global
	GlobalSection(SolutionConfigurationPlatforms) = preSolution
		Debug|Any CPU = Debug|Any CPU
		Release|Any CPU = Release|Any CPU
	EndGlobalSection
	GlobalSection(ProjectConfigurationPlatforms) = postSolution
		{48BF3E06-EA9C-4D4E-B882-2C8309E11589}.Debug|Any CPU.ActiveCfg = Debug|Any CPU
		{48BF3E06-EA9C-4D4E-B882-2C8309E11589}.Debug|Any CPU.Build.0 = Debug|Any CPU
		{48BF3E06-EA9C-4D4E-B882-2C8309E11589}.Release|Any CPU.ActiveCfg = Release|Any CPU
		{48BF3E06-EA9C-4D4E-B882-2C8309E11589}.Release|Any CPU.Build.0 = Release|Any CPU
	EndGlobalSection
	GlobalSection(SolutionProperties) = preSolution
		HideSolutionNode = FALSE
	EndGlobalSection
EndGlobal
